{
  "nodes": {
    "nixpkgs": {
      "locked": {
        "lastModified": 1772479524,
        "narHash": "sha256-u7nCaNiMjqvKpE+uZz9hE7pgXXTmm5yvdtFaqzSzUQI=",
        "owner": "NixOS",
        "repo": "nixpkgs",
        "rev": "4215e62dc2cd3bc705b0a423b9719ff6be378a43",
        "type": "github"
      },
      "original": {
        "owner": "NixOS",
        "ref": "nixpkgs-unstable",
        "repo": "nixpkgs",
        "type": "github"
      }
    },
    "root": {
      "inputs": {
        "nixpkgs": "nixpkgs",
        "zmk-nix": "zmk-nix"
      }
    },
    "zmk-nix": {
      "inputs": {
        "nixpkgs": [
          "nixpkgs"
        ]
      },
      "locked": {
        "lastModified": 1772326559,
        "narHash": "sha256-xh0U5sV0b0ozfIBFE9+P/2rPmTx4+rzyWjI7P7t7Ftk=",
        "owner": "lilyinstarlight",
        "repo": "zmk-nix",
        "rev": "d287336da0c462c15324102e104100098f59088b",
        "type": "github"
      },
      "original": {
        "owner": "lilyinstarlight",
        "repo": "zmk-nix",
        "type": "github"
      }
    }
  },
  "root": "root",
  "version": 7
}
